
Microsoft Visual Studio Solution File, Format Version 12.00
# Visual Studio Version 16
VisualStudioVersion = 16.0.29509.3
MinimumVisualStudioVersion = 10.0.40219.1
Project("{9A19103F-16F7-4668-BE54-9A1E7A4F7556}") = "Chinchilla.StateManagement", "StateManagement\Chinchilla.StateManagement.csproj", "{1DD67252-ABF8-4E0A-8F79-98D2E8F7323C}"
EndProject
Project("{FAE04EC0-301F-11D3-BF4B-00C04F79EFBC}") = "Chinchilla.StateManagement.Tests", "StateManagement.Tests\Chinchilla.StateManagement.Tests.csproj", "{3E062563-1CBE-44DF-B333-EB868FD0755E}"
EndProject
Global
	GlobalSection(SolutionConfigurationPlatforms) = preSolution
		Debug|Any CPU = Debug|Any CPU
		Release|Any CPU = Release|Any CPU
	EndGlobalSection
	GlobalSection(ProjectConfigurationPlatforms) = postSolution
		{1DD67252-ABF8-4E0A-8F79-98D2E8F7323C}.Debug|Any CPU.ActiveCfg = Debug|Any CPU
		{1DD67252-ABF8-4E0A-8F79-98D2E8F7323C}.Debug|Any CPU.Build.0 = Debug|Any CPU
		{1DD67252-ABF8-4E0A-8F79-98D2E8F7323C}.Release|Any CPU.ActiveCfg = Release|Any CPU
		{1DD67252-ABF8-4E0A-8F79-98D2E8F7323C}.Release|Any CPU.Build.0 = Release|Any CPU
		{3E062563-1CBE-44DF-B333-EB868FD0755E}.Debug|Any CPU.ActiveCfg = Debug|Any CPU
		{3E062563-1CBE-44DF-B333-EB868FD0755E}.Debug|Any CPU.Build.0 = Debug|Any CPU
		{3E062563-1CBE-44DF-B333-EB868FD0755E}.Release|Any CPU.ActiveCfg = Release|Any CPU
		{3E062563-1CBE-44DF-B333-EB868FD0755E}.Release|Any CPU.Build.0 = Release|Any CPU
	EndGlobalSection
	GlobalSection(SolutionProperties) = preSolution
		HideSolutionNode = FALSE
	EndGlobalSection
	GlobalSection(ExtensibilityGlobals) = postSolution
		SolutionGuid = {A2F1B2EB-B868-400F-9095-9F163B2BDCCB}
	EndGlobalSection
EndGlobal
